<!-- Every C# project in the repository, so `cargo xtask lint` runs one `dotnet format` over all of
     them (docs/adr/0023-documentation-link-and-lint-gates.md). Wave 2 adds the test adapter and the
     analyzer here (docs/plans/pending/0002-wave-2-dotnet-python-element-rules.md). -->
<Solution>
  <Folder Name="/adapters/">
    <Project Path="adapters/dotnet/Rulebearing.TestAdapter/Rulebearing.TestAdapter.csproj" />
    <Project Path="adapters/dotnet/Rulebearing.TestAdapter.xUnit/Rulebearing.TestAdapter.xUnit.csproj" />
    <Project Path="adapters/dotnet/Rulebearing.TestAdapter.xUnitV3/Rulebearing.TestAdapter.xUnitV3.csproj" />
    <Project Path="adapters/dotnet/Rulebearing.TestAdapter.NUnit/Rulebearing.TestAdapter.NUnit.csproj" />
    <Project Path="adapters/dotnet/Rulebearing.TestAdapter.MSTestV2/Rulebearing.TestAdapter.MSTestV2.csproj" />
    <Project Path="adapters/dotnet/Rulebearing.TestAdapter.MSTestV4/Rulebearing.TestAdapter.MSTestV4.csproj" />
    <Project Path="adapters/dotnet/Rulebearing.TestAdapter.TUnit/Rulebearing.TestAdapter.TUnit.csproj" />
  </Folder>
  <Folder Name="/adapters/tests/">
    <Project Path="adapters/dotnet/tests/Rulebearing.TestAdapter.Tests/Rulebearing.TestAdapter.Tests.csproj" />
    <Project Path="adapters/dotnet/tests/Rulebearing.TestAdapter.xUnit.Tests/Rulebearing.TestAdapter.xUnit.Tests.csproj" />
    <Project Path="adapters/dotnet/tests/Rulebearing.TestAdapter.xUnitV3.Tests/Rulebearing.TestAdapter.xUnitV3.Tests.csproj" />
    <Project Path="adapters/dotnet/tests/Rulebearing.TestAdapter.NUnit.Tests/Rulebearing.TestAdapter.NUnit.Tests.csproj" />
    <Project Path="adapters/dotnet/tests/Rulebearing.TestAdapter.MSTestV2.Tests/Rulebearing.TestAdapter.MSTestV2.Tests.csproj" />
    <Project Path="adapters/dotnet/tests/Rulebearing.TestAdapter.MSTestV4.Tests/Rulebearing.TestAdapter.MSTestV4.Tests.csproj" />
    <Project Path="adapters/dotnet/tests/Rulebearing.TestAdapter.TUnit.Tests/Rulebearing.TestAdapter.TUnit.Tests.csproj" />
  </Folder>
  <Folder Name="/wrappers/">
    <Project Path="wrappers/nuget/Rulebearing.csproj" />
    <Project Path="wrappers/nuget/tests/Rulebearing.Tool.Tests/Rulebearing.Tool.Tests.csproj" />
  </Folder>
</Solution>
